Microsoft Visual Studio Solution File, Format Version 12.00
# Visual Studio Version 17
VisualStudioVersion = 17.5.2.0
MinimumVisualStudioVersion = 10.0.40219.1
Project("{FAE04EC0-301F-11D3-BF4B-00C04F79EFBC}") = "ToonVil-Card-Generator", "ToonVil-Card-Generator.csproj", "{7392D94E-A5FC-B015-BD18-50C25A734755}"
EndProject
Global
	GlobalSection(SolutionConfigurationPlatforms) = preSolution
		Debug|Any CPU = Debug|Any CPU
		Release|Any CPU = Release|Any CPU
	EndGlobalSection
	GlobalSection(ProjectConfigurationPlatforms) = postSolution
		{7392D94E-A5FC-B015-BD18-50C25A734755}.Debug|Any CPU.ActiveCfg = Debug|Any CPU
		{7392D94E-A5FC-B015-BD18-50C25A734755}.Debug|Any CPU.Build.0 = Debug|Any CPU
		{7392D94E-A5FC-B015-BD18-50C25A734755}.Release|Any CPU.ActiveCfg = Release|Any CPU
		{7392D94E-A5FC-B015-BD18-50C25A734755}.Release|Any CPU.Build.0 = Release|Any CPU
	EndGlobalSection
	GlobalSection(SolutionProperties) = preSolution
		HideSolutionNode = FALSE
	EndGlobalSection
	GlobalSection(ExtensibilityGlobals) = postSolution
		SolutionGuid = {57D95D26-A934-4165-BD0F-EEBCE6F3DEFA}
	EndGlobalSection
EndGlobal
